// !$*UTF8*$!
{
	archiveVersion = 1;
	classes = {
	};
	objectVersion = 52;
	objects = {

/* Begin PBXBuildFile section */
		D70212C722F0E43C00E3972E /* AppDelegate.swift in Sources */ = {isa = PBXBuildFile; fileRef = D70212C622F0E43C00E3972E /* AppDelegate.swift */; };
		D70212C922F0E43C00E3972E /* LoansViewController.swift in Sources */ = {isa = PBXBuildFile; fileRef = D70212C822F0E43C00E3972E /* LoansViewController.swift */; };
		D70212CC22F0E43C00E3972E /* Main.storyboard in Resources */ = {isa = PBXBuildFile; fileRef = D70212CA22F0E43C00E3972E /* Main.storyboard */; };
		D70212CE22F0E43E00E3972E /* Assets.xcassets in Resources */ = {isa = PBXBuildFile; fileRef = D70212CD22F0E43E00E3972E /* Assets.xcassets */; };
		D70212D122F0E43E00E3972E /* LaunchScreen.storyboard in Resources */ = {isa = PBXBuildFile; fileRef = D70212CF22F0E43E00E3972E /* LaunchScreen.storyboard */; };
		D709845925F1374D00C8C30C /* LoansTests.swift in Sources */ = {isa = PBXBuildFile; fileRef = D709845825F1374D00C8C30C /* LoansTests.swift */; };
		D709846125F2228500C8C30C /* Credentials+KeychainAccess.swift in Sources */ = {isa = PBXBuildFile; fileRef = D709846025F2228500C8C30C /* Credentials+KeychainAccess.swift */; };
		D70A2B69234247F300AC9405 /* Libraries.plist in Resources */ = {isa = PBXBuildFile; fileRef = D70A2B67234247F300AC9405 /* Libraries.plist */; };
		D70A2B6B2342489A00AC9405 /* Library.swift in Sources */ = {isa = PBXBuildFile; fileRef = D70A2B6A2342489A00AC9405 /* Library.swift */; };
		D70A2B6D23424BC400AC9405 /* LibrariesViewController.swift in Sources */ = {isa = PBXBuildFile; fileRef = D70A2B6C23424BC400AC9405 /* LibrariesViewController.swift */; };
		D71F32AB24D8B303002526CD /* KeychainAccess in Frameworks */ = {isa = PBXBuildFile; productRef = D71F32AA24D8B303002526CD /* KeychainAccess */; };
		D73968EB23D1ECCC00F01645 /* DemoAccountLoans.html in Resources */ = {isa = PBXBuildFile; fileRef = D73968EA23D1ECCC00F01645 /* DemoAccountLoans.html */; };
		D749F93E264BF8AD005F500A /* WidgetKit.framework in Frameworks */ = {isa = PBXBuildFile; fileRef = D749F93D264BF8AD005F500A /* WidgetKit.framework */; };
		D749F940264BF8AD005F500A /* SwiftUI.framework in Frameworks */ = {isa = PBXBuildFile; fileRef = D749F93F264BF8AD005F500A /* SwiftUI.framework */; };
		D749F943264BF8AD005F500A /* LoansWidget.swift in Sources */ = {isa = PBXBuildFile; fileRef = D749F942264BF8AD005F500A /* LoansWidget.swift */; };
		D749F945264BF8B0005F500A /* Assets.xcassets in Resources */ = {isa = PBXBuildFile; fileRef = D749F944264BF8B0005F500A /* Assets.xcassets */; };
		D749F949264BF8B0005F500A /* LoansWidgetExtension.appex in Embed App Extensions */ = {isa = PBXBuildFile; fileRef = D749F93C264BF8AD005F500A /* LoansWidgetExtension.appex */; settings = {ATTRIBUTES = (RemoveHeadersOnCopy, ); }; };
		D749F94F264BF999005F500A /* Item.swift in Sources */ = {isa = PBXBuildFile; fileRef = D786E6D922F1911A00AD1D36 /* Item.swift */; };
		D749F950264BF9FF005F500A /* Document+Formatter.swift in Sources */ = {isa = PBXBuildFile; fileRef = D7E73FEE2603B1A100A9BF26 /* Document+Formatter.swift */; };
		D749F952264BFABF005F500A /* AlamofireImage in Frameworks */ = {isa = PBXBuildFile; productRef = D749F951264BFABF005F500A /* AlamofireImage */; };
		D749F954264BFAC2005F500A /* KeychainAccess in Frameworks */ = {isa = PBXBuildFile; productRef = D749F953264BFAC2005F500A /* KeychainAccess */; };
		D749F956264BFACA005F500A /* BMKit in Frameworks */ = {isa = PBXBuildFile; productRef = D749F955264BFACA005F500A /* BMKit */; };
		D749F957264C207E005F500A /* Credentials+KeychainAccess.swift in Sources */ = {isa = PBXBuildFile; fileRef = D709846025F2228500C8C30C /* Credentials+KeychainAccess.swift */; };
		D75DB3B322FBFD84008C7499 /* Localizable.strings in Resources */ = {isa = PBXBuildFile; fileRef = D75DB3B122FBFD84008C7499 /* Localizable.strings */; };
		D75DB3BC22FD6369008C7499 /* InterfaceHelpers.swift in Sources */ = {isa = PBXBuildFile; fileRef = D75DB3BB22FD6369008C7499 /* InterfaceHelpers.swift */; };
		D7614BAD2363A6B3000D7C99 /* LibraryViewController.swift in Sources */ = {isa = PBXBuildFile; fileRef = D7614BAC2363A6B3000D7C99 /* LibraryViewController.swift */; };
		D7697DEA23CA0C8E00010011 /* AgendaItem.swift in Sources */ = {isa = PBXBuildFile; fileRef = D7697DE923CA0C8D00010011 /* AgendaItem.swift */; };
		D7697DEC23CA0DA100010011 /* TestAgenda1.html in Resources */ = {isa = PBXBuildFile; fileRef = D7697DEB23CA0DA100010011 /* TestAgenda1.html */; };
		D7697DEE23CA0DAF00010011 /* AgendaParser.swift in Sources */ = {isa = PBXBuildFile; fileRef = D7697DED23CA0DAF00010011 /* AgendaParser.swift */; };
		D7697DF023CA0E4600010011 /* AgendaTests.swift in Sources */ = {isa = PBXBuildFile; fileRef = D7697DEF23CA0E4600010011 /* AgendaTests.swift */; };
		D7697DF323CB5DE100010011 /* AlamofireImage in Frameworks */ = {isa = PBXBuildFile; productRef = D7697DF223CB5DE100010011 /* AlamofireImage */; };
		D7697DF523CB5E4E00010011 /* NewsTableViewCell.swift in Sources */ = {isa = PBXBuildFile; fileRef = D7697DF423CB5E4E00010011 /* NewsTableViewCell.swift */; };
		D77F7EC0234371CA007B49A3 /* SearchViewController.swift in Sources */ = {isa = PBXBuildFile; fileRef = D77F7EBF234371CA007B49A3 /* SearchViewController.swift */; };
		D78200A223C7381A00C3A699 /* NewsItem.swift in Sources */ = {isa = PBXBuildFile; fileRef = D78200A123C7381A00C3A699 /* NewsItem.swift */; };
		D78200A423C7392900C3A699 /* NewsParser.swift in Sources */ = {isa = PBXBuildFile; fileRef = D78200A323C7392900C3A699 /* NewsParser.swift */; };
		D78200A823C739A300C3A699 /* NewsTests.swift in Sources */ = {isa = PBXBuildFile; fileRef = D78200A723C739A300C3A699 /* NewsTests.swift */; };
		D78200A923C73AF700C3A699 /* TestNews1.html in Resources */ = {isa = PBXBuildFile; fileRef = D78200A523C7399100C3A699 /* TestNews1.html */; };
		D78200AB23C7579F00C3A699 /* NewsViewController.swift in Sources */ = {isa = PBXBuildFile; fileRef = D78200AA23C7579F00C3A699 /* NewsViewController.swift */; };
		D78200AE23C7D77500C3A699 /* NewsItemCache.swift in Sources */ = {isa = PBXBuildFile; fileRef = D78200AD23C7D77500C3A699 /* NewsItemCache.swift */; };
		D78200B023C7D94A00C3A699 /* ParserHelpers.swift in Sources */ = {isa = PBXBuildFile; fileRef = D78200AF23C7D94A00C3A699 /* ParserHelpers.swift */; };
		D78618AC22F30A4400CB3403 /* ItemCache.swift in Sources */ = {isa = PBXBuildFile; fileRef = D78618AB22F30A4400CB3403 /* ItemCache.swift */; };
		D786E6DA22F1911A00AD1D36 /* Item.swift in Sources */ = {isa = PBXBuildFile; fileRef = D786E6D922F1911A00AD1D36 /* Item.swift */; };
		D786E6F022F1B42C00AD1D36 /* ItemTableViewCell.swift in Sources */ = {isa = PBXBuildFile; fileRef = D786E6EF22F1B42C00AD1D36 /* ItemTableViewCell.swift */; };
		D78C460B2379AACA00313AD8 /* LoansNotLoggedInView.xib in Resources */ = {isa = PBXBuildFile; fileRef = D78C46092379AACA00313AD8 /* LoansNotLoggedInView.xib */; };
		D7910BCB23717A3200A0DC31 /* LibrariesTests.swift in Sources */ = {isa = PBXBuildFile; fileRef = D7910BCA23717A3200A0DC31 /* LibrariesTests.swift */; };
		D794D59B241BAE0D00208C05 /* BMKit in Frameworks */ = {isa = PBXBuildFile; productRef = D794D59A241BAE0D00208C05 /* BMKit */; };
		D798F4BF2571037D00143373 /* Credits.html in Resources */ = {isa = PBXBuildFile; fileRef = D798F4C12571037D00143373 /* Credits.html */; };
		D79ABC0E233DF079007ADE6E /* AboutViewController.swift in Sources */ = {isa = PBXBuildFile; fileRef = D79ABC0D233DF079007ADE6E /* AboutViewController.swift */; };
		D7A0A2E423E032F30039D934 /* AgendaItemCache.swift in Sources */ = {isa = PBXBuildFile; fileRef = D7A0A2E323E032F30039D934 /* AgendaItemCache.swift */; };
		D7A0A2EA23E1828D0039D934 /* TestAgenda3.html in Resources */ = {isa = PBXBuildFile; fileRef = D7A0A2E823E1828D0039D934 /* TestAgenda3.html */; };
		D7A0A2EB23E1828D0039D934 /* TestAgenda2.html in Resources */ = {isa = PBXBuildFile; fileRef = D7A0A2E923E1828D0039D934 /* TestAgenda2.html */; };
		D7A8832422F5C4BA00C209DC /* LoginViewController.swift in Sources */ = {isa = PBXBuildFile; fileRef = D7A8832322F5C4BA00C209DC /* LoginViewController.swift */; };
		D7A8832622F8132B00C209DC /* Keyboard+LayoutGuide.swift in Sources */ = {isa = PBXBuildFile; fileRef = D7A8832522F8132B00C209DC /* Keyboard+LayoutGuide.swift */; };
		D7A8832A22FB756700C209DC /* CardViewController.swift in Sources */ = {isa = PBXBuildFile; fileRef = D7A8832922FB756700C209DC /* CardViewController.swift */; };
		D7A8833022FB78E200C209DC /* BarCodeEAN13.m in Sources */ = {isa = PBXBuildFile; fileRef = D7A8832D22FB78E200C209DC /* BarCodeEAN13.m */; };
		D7A8833122FB78E200C209DC /* BarCodeView.m in Sources */ = {isa = PBXBuildFile; fileRef = D7A8832E22FB78E200C209DC /* BarCodeView.m */; };
		D7A97B6925F65EF800EE1D5F /* SearchResultsViewController.swift in Sources */ = {isa = PBXBuildFile; fileRef = D7A97B6825F65EF800EE1D5F /* SearchResultsViewController.swift */; };
		D7A97B6D25F665CE00EE1D5F /* SearchResultsCell.swift in Sources */ = {isa = PBXBuildFile; fileRef = D7A97B6C25F665CE00EE1D5F /* SearchResultsCell.swift */; };
		D7C1D20D234F6CC800FC9B96 /* InfoPlist.strings in Resources */ = {isa = PBXBuildFile; fileRef = D7C1D20B234F6CC800FC9B96 /* InfoPlist.strings */; };
		D7CE68D223DCEEDB00197F50 /* AgendaViewController.swift in Sources */ = {isa = PBXBuildFile; fileRef = D7CE68D123DCEEDB00197F50 /* AgendaViewController.swift */; };
		D7CE68D423DCF15000197F50 /* AgendaTableViewCell.swift in Sources */ = {isa = PBXBuildFile; fileRef = D7CE68D323DCF15000197F50 /* AgendaTableViewCell.swift */; };
		D7E73EFC25FBAB0C00A9BF26 /* SearchResultsDetailsViewController.swift in Sources */ = {isa = PBXBuildFile; fileRef = D7E73EFB25FBAB0C00A9BF26 /* SearchResultsDetailsViewController.swift */; };
		D7E73FEF2603B1A100A9BF26 /* Document+Formatter.swift in Sources */ = {isa = PBXBuildFile; fileRef = D7E73FEE2603B1A100A9BF26 /* Document+Formatter.swift */; };
/* End PBXBuildFile section */

/* Begin PBXContainerItemProxy section */
		D749F947264BF8B0005F500A /* PBXContainerItemProxy */ = {
			isa = PBXContainerItemProxy;
			containerPortal = D70212BB22F0E43C00E3972E /* Project object */;
			proxyType = 1;
			remoteGlobalIDString = D749F93B264BF8AD005F500A;
			remoteInfo = LoansWidgetExtension;
		};
		D786E6E622F194EC00AD1D36 /* PBXContainerItemProxy */ = {
			isa = PBXContainerItemProxy;
			containerPortal = D70212BB22F0E43C00E3972E /* Project object */;
			proxyType = 1;
			remoteGlobalIDString = D70212C222F0E43C00E3972E;
			remoteInfo = bm;
		};
/* End PBXContainerItemProxy section */

/* Begin PBXCopyFilesBuildPhase section */
		D749F94E264BF8B0005F500A /* Embed App Extensions */ = {
			isa = PBXCopyFilesBuildPhase;
			buildActionMask = 2147483647;
			dstPath = "";
			dstSubfolderSpec = 13;
			files = (
				D749F949264BF8B0005F500A /* LoansWidgetExtension.appex in Embed App Extensions */,
			);
			name = "Embed App Extensions";
			runOnlyForDeploymentPostprocessing = 0;
		};
/* End PBXCopyFilesBuildPhase section */

/* Begin PBXFileReference section */
		D70212C322F0E43C00E3972E /* BM Grenoble.app */ = {isa = PBXFileReference; explicitFileType = wrapper.application; includeInIndex = 0; path = "BM Grenoble.app"; sourceTree = BUILT_PRODUCTS_DIR; };
		D70212C622F0E43C00E3972E /* AppDelegate.swift */ = {isa = PBXFileReference; lastKnownFileType = sourcecode.swift; name = AppDelegate.swift; path = Sources/AppDelegate.swift; sourceTree = "<group>"; };
		D70212C822F0E43C00E3972E /* LoansViewController.swift */ = {isa = PBXFileReference; lastKnownFileType = sourcecode.swift; path = LoansViewController.swift; sourceTree = "<group>"; };
		D70212CB22F0E43C00E3972E /* Base */ = {isa = PBXFileReference; lastKnownFileType = file.storyboard; name = Base; path = Base.lproj/Main.storyboard; sourceTree = "<group>"; };
		D70212CD22F0E43E00E3972E /* Assets.xcassets */ = {isa = PBXFileReference; lastKnownFileType = folder.assetcatalog; path = Assets.xcassets; sourceTree = "<group>"; };
		D70212D022F0E43E00E3972E /* Base */ = {isa = PBXFileReference; lastKnownFileType = file.storyboard; name = Base; path = Base.lproj/LaunchScreen.storyboard; sourceTree = "<group>"; };
		D70212D222F0E43E00E3972E /* Info.plist */ = {isa = PBXFileReference; lastKnownFileType = text.plist.xml; path = Info.plist; sourceTree = "<group>"; };
		D709845825F1374D00C8C30C /* LoansTests.swift */ = {isa = PBXFileReference; lastKnownFileType = sourcecode.swift; path = LoansTests.swift; sourceTree = "<group>"; };
		D709846025F2228500C8C30C /* Credentials+KeychainAccess.swift */ = {isa = PBXFileReference; lastKnownFileType = sourcecode.swift; path = "Credentials+KeychainAccess.swift"; sourceTree = "<group>"; };
		D70A2B68234247F300AC9405 /* Base */ = {isa = PBXFileReference; lastKnownFileType = text.plist.xml; name = Base; path = Base.lproj/Libraries.plist; sourceTree = "<group>"; };
		D70A2B6A2342489A00AC9405 /* Library.swift */ = {isa = PBXFileReference; lastKnownFileType = sourcecode.swift; path = Library.swift; sourceTree = "<group>"; };
		D70A2B6C23424BC400AC9405 /* LibrariesViewController.swift */ = {isa = PBXFileReference; lastKnownFileType = sourcecode.swift; path = LibrariesViewController.swift; sourceTree = "<group>"; };
		D71F32AC24D8B42E002526CD /* bm.entitlements */ = {isa = PBXFileReference; lastKnownFileType = text.plist.entitlements; path = bm.entitlements; sourceTree = "<group>"; };
		D73968EA23D1ECCC00F01645 /* DemoAccountLoans.html */ = {isa = PBXFileReference; fileEncoding = 4; lastKnownFileType = text.html; path = DemoAccountLoans.html; sourceTree = "<group>"; };
		D749F93C264BF8AD005F500A /* LoansWidgetExtension.appex */ = {isa = PBXFileReference; explicitFileType = "wrapper.app-extension"; includeInIndex = 0; path = LoansWidgetExtension.appex; sourceTree = BUILT_PRODUCTS_DIR; };
		D749F93D264BF8AD005F500A /* WidgetKit.framework */ = {isa = PBXFileReference; lastKnownFileType = wrapper.framework; name = WidgetKit.framework; path = System/Library/Frameworks/WidgetKit.framework; sourceTree = SDKROOT; };
		D749F93F264BF8AD005F500A /* SwiftUI.framework */ = {isa = PBXFileReference; lastKnownFileType = wrapper.framework; name = SwiftUI.framework; path = System/Library/Frameworks/SwiftUI.framework; sourceTree = SDKROOT; };
		D749F942264BF8AD005F500A /* LoansWidget.swift */ = {isa = PBXFileReference; lastKnownFileType = sourcecode.swift; path = LoansWidget.swift; sourceTree = "<group>"; };
		D749F944264BF8B0005F500A /* Assets.xcassets */ = {isa = PBXFileReference; lastKnownFileType = folder.assetcatalog; path = Assets.xcassets; sourceTree = "<group>"; };
		D749F946264BF8B0005F500A /* Info.plist */ = {isa = PBXFileReference; lastKnownFileType = text.plist.xml; path = Info.plist; sourceTree = "<group>"; };
		D749F94A264BF8B0005F500A /* LoansWidgetExtension.entitlements */ = {isa = PBXFileReference; lastKnownFileType = text.plist.entitlements; path = LoansWidgetExtension.entitlements; sourceTree = "<group>"; };
		D75DB3B222FBFD84008C7499 /* Base */ = {isa = PBXFileReference; lastKnownFileType = text.plist.strings; name = Base; path = Base.lproj/Localizable.strings; sourceTree = "<group>"; };
		D75DB3B422FBFDB0008C7499 /* en */ = {isa = PBXFileReference; lastKnownFileType = text.plist.strings; name = en; path = en.lproj/Localizable.strings; sourceTree = "<group>"; };
		D75DB3B522FBFDC4008C7499 /* fr */ = {isa = PBXFileReference; lastKnownFileType = text.plist.strings; name = fr; path = fr.lproj/Localizable.strings; sourceTree = "<group>"; };
		D75DB3B722FBFFF4008C7499 /* en */ = {isa = PBXFileReference; lastKnownFileType = text.plist.strings; name = en; path = en.lproj/Main.strings; sourceTree = "<group>"; };
		D75DB3B922FC0001008C7499 /* fr */ = {isa = PBXFileReference; lastKnownFileType = text.plist.strings; name = fr; path = fr.lproj/Main.strings; sourceTree = "<group>"; };
		D75DB3BB22FD6369008C7499 /* InterfaceHelpers.swift */ = {isa = PBXFileReference; lastKnownFileType = sourcecode.swift; path = InterfaceHelpers.swift; sourceTree = "<group>"; };
		D7614BAC2363A6B3000D7C99 /* LibraryViewController.swift */ = {isa = PBXFileReference; lastKnownFileType = sourcecode.swift; path = LibraryViewController.swift; sourceTree = "<group>"; };
		D7697DE923CA0C8D00010011 /* AgendaItem.swift */ = {isa = PBXFileReference; lastKnownFileType = sourcecode.swift; path = AgendaItem.swift; sourceTree = "<group>"; };
		D7697DEB23CA0DA100010011 /* TestAgenda1.html */ = {isa = PBXFileReference; fileEncoding = 4; lastKnownFileType = text.html; path = TestAgenda1.html; sourceTree = "<group>"; };
		D7697DED23CA0DAF00010011 /* AgendaParser.swift */ = {isa = PBXFileReference; lastKnownFileType = sourcecode.swift; path = AgendaParser.swift; sourceTree = "<group>"; };
		D7697DEF23CA0E4600010011 /* AgendaTests.swift */ = {isa = PBXFileReference; lastKnownFileType = sourcecode.swift; path = AgendaTests.swift; sourceTree = "<group>"; };
		D7697DF423CB5E4E00010011 /* NewsTableViewCell.swift */ = {isa = PBXFileReference; lastKnownFileType = sourcecode.swift; path = NewsTableViewCell.swift; sourceTree = "<group>"; };
		D7757F5122F2390E006E6AAC /* README.md */ = {isa = PBXFileReference; lastKnownFileType = net.daringfireball.markdown; path = README.md; sourceTree = "<group>"; };
		D7757F5322F241FE006E6AAC /* fr */ = {isa = PBXFileReference; lastKnownFileType = text.plist.strings; name = fr; path = fr.lproj/LaunchScreen.strings; sourceTree = "<group>"; };
		D77F7EBF234371CA007B49A3 /* SearchViewController.swift */ = {isa = PBXFileReference; lastKnownFileType = sourcecode.swift; path = SearchViewController.swift; sourceTree = "<group>"; };
		D78200A123C7381A00C3A699 /* NewsItem.swift */ = {isa = PBXFileReference; lastKnownFileType = sourcecode.swift; path = NewsItem.swift; sourceTree = "<group>"; };
		D78200A323C7392900C3A699 /* NewsParser.swift */ = {isa = PBXFileReference; lastKnownFileType = sourcecode.swift; path = NewsParser.swift; sourceTree = "<group>"; };
		D78200A523C7399100C3A699 /* TestNews1.html */ = {isa = PBXFileReference; fileEncoding = 4; lastKnownFileType = text.html; path = TestNews1.html; sourceTree = "<group>"; };
		D78200A723C739A300C3A699 /* NewsTests.swift */ = {isa = PBXFileReference; lastKnownFileType = sourcecode.swift; path = NewsTests.swift; sourceTree = "<group>"; };
		D78200AA23C7579F00C3A699 /* NewsViewController.swift */ = {isa = PBXFileReference; lastKnownFileType = sourcecode.swift; path = NewsViewController.swift; sourceTree = "<group>"; };
		D78200AD23C7D77500C3A699 /* NewsItemCache.swift */ = {isa = PBXFileReference; lastKnownFileType = sourcecode.swift; path = NewsItemCache.swift; sourceTree = "<group>"; };
		D78200AF23C7D94A00C3A699 /* ParserHelpers.swift */ = {isa = PBXFileReference; lastKnownFileType = sourcecode.swift; path = ParserHelpers.swift; sourceTree = "<group>"; };
		D78618AB22F30A4400CB3403 /* ItemCache.swift */ = {isa = PBXFileReference; lastKnownFileType = sourcecode.swift; path = ItemCache.swift; sourceTree = "<group>"; };
		D786E6D922F1911A00AD1D36 /* Item.swift */ = {isa = PBXFileReference; lastKnownFileType = sourcecode.swift; path = Item.swift; sourceTree = "<group>"; };
		D786E6E122F194EC00AD1D36 /* bmTests.xctest */ = {isa = PBXFileReference; explicitFileType = wrapper.cfbundle; includeInIndex = 0; path = bmTests.xctest; sourceTree = BUILT_PRODUCTS_DIR; };
		D786E6E522F194EC00AD1D36 /* Info.plist */ = {isa = PBXFileReference; lastKnownFileType = text.plist.xml; path = Info.plist; sourceTree = "<group>"; };
		D786E6EF22F1B42C00AD1D36 /* ItemTableViewCell.swift */ = {isa = PBXFileReference; lastKnownFileType = sourcecode.swift; path = ItemTableViewCell.swift; sourceTree = "<group>"; };
		D78C460A2379AACA00313AD8 /* Base */ = {isa = PBXFileReference; lastKnownFileType = file.xib; name = Base; path = bm/Base.lproj/LoansNotLoggedInView.xib; sourceTree = SOURCE_ROOT; };
		D78C460D2379AF0700313AD8 /* en */ = {isa = PBXFileReference; lastKnownFileType = text.plist.strings; name = en; path = ../en.lproj/LoansNotLoggedInView.strings; sourceTree = "<group>"; };
		D78C460F2379AF0A00313AD8 /* fr */ = {isa = PBXFileReference; lastKnownFileType = text.plist.strings; name = fr; path = ../fr.lproj/LoansNotLoggedInView.strings; sourceTree = "<group>"; };
		D7910BCA23717A3200A0DC31 /* LibrariesTests.swift */ = {isa = PBXFileReference; lastKnownFileType = sourcecode.swift; path = LibrariesTests.swift; sourceTree = "<group>"; };
		D798F4C02571037D00143373 /* Base */ = {isa = PBXFileReference; lastKnownFileType = text.html; name = Base; path = Base.lproj/Credits.html; sourceTree = "<group>"; };
		D798F4C4257103AA00143373 /* fr */ = {isa = PBXFileReference; lastKnownFileType = text.html; name = fr; path = fr.lproj/Credits.html; sourceTree = "<group>"; };
		D79ABC0D233DF079007ADE6E /* AboutViewController.swift */ = {isa = PBXFileReference; lastKnownFileType = sourcecode.swift; path = AboutViewController.swift; sourceTree = "<group>"; };
		D7A0A2E323E032F30039D934 /* AgendaItemCache.swift */ = {isa = PBXFileReference; lastKnownFileType = sourcecode.swift; path = AgendaItemCache.swift; sourceTree = "<group>"; };
		D7A0A2E823E1828D0039D934 /* TestAgenda3.html */ = {isa = PBXFileReference; fileEncoding = 4; lastKnownFileType = text.html; path = TestAgenda3.html; sourceTree = "<group>"; };
		D7A0A2E923E1828D0039D934 /* TestAgenda2.html */ = {isa = PBXFileReference; fileEncoding = 4; lastKnownFileType = text.html; path = TestAgenda2.html; sourceTree = "<group>"; };
		D7A8832322F5C4BA00C209DC /* LoginViewController.swift */ = {isa = PBXFileReference; lastKnownFileType = sourcecode.swift; path = LoginViewController.swift; sourceTree = "<group>"; };
		D7A8832522F8132B00C209DC /* Keyboard+LayoutGuide.swift */ = {isa = PBXFileReference; fileEncoding = 4; lastKnownFileType = sourcecode.swift; name = "Keyboard+LayoutGuide.swift"; path = "Dependencies/KeyboardLayoutGuide/Keyboard+LayoutGuide.swift"; sourceTree = "<group>"; };
		D7A8832922FB756700C209DC /* CardViewController.swift */ = {isa = PBXFileReference; lastKnownFileType = sourcecode.swift; path = CardViewController.swift; sourceTree = "<group>"; };
		D7A8832C22FB78E200C209DC /* BarCodeView.h */ = {isa = PBXFileReference; fileEncoding = 4; lastKnownFileType = sourcecode.c.h; name = BarCodeView.h; path = Dependencies/EAN13BarcodeGenerator/BarCodeView.h; sourceTree = "<group>"; };
		D7A8832D22FB78E200C209DC /* BarCodeEAN13.m */ = {isa = PBXFileReference; fileEncoding = 4; lastKnownFileType = sourcecode.c.objc; name = BarCodeEAN13.m; path = Dependencies/EAN13BarcodeGenerator/BarCodeEAN13.m; sourceTree = "<group>"; };
		D7A8832E22FB78E200C209DC /* BarCodeView.m */ = {isa = PBXFileReference; fileEncoding = 4; lastKnownFileType = sourcecode.c.objc; name = BarCodeView.m; path = Dependencies/EAN13BarcodeGenerator/BarCodeView.m; sourceTree = "<group>"; };
		D7A8832F22FB78E200C209DC /* BarCodeEAN13.h */ = {isa = PBXFileReference; fileEncoding = 4; lastKnownFileType = sourcecode.c.h; name = BarCodeEAN13.h; path = Dependencies/EAN13BarcodeGenerator/BarCodeEAN13.h; sourceTree = "<group>"; };
		D7A8833622FB798900C209DC /* BridgingHeader.h */ = {isa = PBXFileReference; lastKnownFileType = sourcecode.c.h; path = BridgingHeader.h; sourceTree = "<group>"; };
		D7A97B6825F65EF800EE1D5F /* SearchResultsViewController.swift */ = {isa = PBXFileReference; lastKnownFileType = sourcecode.swift; path = SearchResultsViewController.swift; sourceTree = "<group>"; };
		D7A97B6C25F665CE00EE1D5F /* SearchResultsCell.swift */ = {isa = PBXFileReference; lastKnownFileType = sourcecode.swift; path = SearchResultsCell.swift; sourceTree = "<group>"; };
		D7B1DE1524198F3B0084117C /* BMKit */ = {isa = PBXFileReference; lastKnownFileType = folder; path = BMKit; sourceTree = "<group>"; };
		D7BF84B9235061CF00241FAC /* CHANGELOG.md */ = {isa = PBXFileReference; lastKnownFileType = net.daringfireball.markdown; path = CHANGELOG.md; sourceTree = "<group>"; };
		D7C1D20C234F6CC800FC9B96 /* en */ = {isa = PBXFileReference; lastKnownFileType = text.plist.strings; name = en; path = en.lproj/InfoPlist.strings; sourceTree = "<group>"; };
		D7C1D20E234F6CDA00FC9B96 /* fr */ = {isa = PBXFileReference; lastKnownFileType = text.plist.strings; name = fr; path = fr.lproj/InfoPlist.strings; sourceTree = "<group>"; };
		D7CE68D123DCEEDB00197F50 /* AgendaViewController.swift */ = {isa = PBXFileReference; lastKnownFileType = sourcecode.swift; path = AgendaViewController.swift; sourceTree = "<group>"; };
		D7CE68D323DCF15000197F50 /* AgendaTableViewCell.swift */ = {isa = PBXFileReference; lastKnownFileType = sourcecode.swift; path = AgendaTableViewCell.swift; sourceTree = "<group>"; };
		D7E73EFB25FBAB0C00A9BF26 /* SearchResultsDetailsViewController.swift */ = {isa = PBXFileReference; lastKnownFileType = sourcecode.swift; path = SearchResultsDetailsViewController.swift; sourceTree = "<group>"; };
		D7E73FEE2603B1A100A9BF26 /* Document+Formatter.swift */ = {isa = PBXFileReference; lastKnownFileType = sourcecode.swift; path = "Document+Formatter.swift"; sourceTree = "<group>"; };
/* End PBXFileReference section */

/* Begin PBXFrameworksBuildPhase section */
		D70212C022F0E43C00E3972E /* Frameworks */ = {
			isa = PBXFrameworksBuildPhase;
			buildActionMask = 2147483647;
			files = (
				D794D59B241BAE0D00208C05 /* BMKit in Frameworks */,
				D71F32AB24D8B303002526CD /* KeychainAccess in Frameworks */,
				D7697DF323CB5DE100010011 /* AlamofireImage in Frameworks */,
			);
			runOnlyForDeploymentPostprocessing = 0;
		};
		D749F939264BF8AD005F500A /* Frameworks */ = {
			isa = PBXFrameworksBuildPhase;
			buildActionMask = 2147483647;
			files = (
				D749F954264BFAC2005F500A /* KeychainAccess in Frameworks */,
				D749F940264BF8AD005F500A /* SwiftUI.framework in Frameworks */,
				D749F93E264BF8AD005F500A /* WidgetKit.framework in Frameworks */,
				D749F952264BFABF005F500A /* AlamofireImage in Frameworks */,
				D749F956264BFACA005F500A /* BMKit in Frameworks */,
			);
			runOnlyForDeploymentPostprocessing = 0;
		};
		D786E6DE22F194EC00AD1D36 /* Frameworks */ = {
			isa = PBXFrameworksBuildPhase;
			buildActionMask = 2147483647;
			files = (
			);
			runOnlyForDeploymentPostprocessing = 0;
		};
/* End PBXFrameworksBuildPhase section */

/* Begin PBXGroup section */
		D70212BA22F0E43C00E3972E = {
			isa = PBXGroup;
			children = (
				D7B1DE1524198F3B0084117C /* BMKit */,
				D7757F5122F2390E006E6AAC /* README.md */,
				D7BF84B9235061CF00241FAC /* CHANGELOG.md */,
				D70212C522F0E43C00E3972E /* bm */,
				D7A8833222FB78E900C209DC /* Dependencies */,
				D749F941264BF8AD005F500A /* LoansWidget */,
				D786E6E222F194EC00AD1D36 /* Tests */,
				D70212C422F0E43C00E3972E /* Products */,
				D7B1DE16241991D60084117C /* Frameworks */,
			);
			sourceTree = "<group>";
		};
		D70212C422F0E43C00E3972E /* Products */ = {
			isa = PBXGroup;
			children = (
				D70212C322F0E43C00E3972E /* BM Grenoble.app */,
				D786E6E122F194EC00AD1D36 /* bmTests.xctest */,
				D749F93C264BF8AD005F500A /* LoansWidgetExtension.appex */,
			);
			name = Products;
			sourceTree = "<group>";
		};
		D70212C522F0E43C00E3972E /* bm */ = {
			isa = PBXGroup;
			children = (
				D70212C622F0E43C00E3972E /* AppDelegate.swift */,
				D75DB3BB22FD6369008C7499 /* InterfaceHelpers.swift */,
				D78200AF23C7D94A00C3A699 /* ParserHelpers.swift */,
				D794D59D241BAF4300208C05 /* Login */,
				D7D70F25237489FE00779E6C /* Loans */,
				D78200A023C7379A00C3A699 /* News */,
				D7697DE823CA0C7300010011 /* Agenda */,
				D7D70F23237489C100779E6C /* Libraries */,
				D7D70F24237489DC00779E6C /* Search */,
				D794D59C241BAF2400208C05 /* About */,
				D70212CA22F0E43C00E3972E /* Main.storyboard */,
				D70212CD22F0E43E00E3972E /* Assets.xcassets */,
				D70212CF22F0E43E00E3972E /* LaunchScreen.storyboard */,
				D70212D222F0E43E00E3972E /* Info.plist */,
				D71F32AC24D8B42E002526CD /* bm.entitlements */,
				D7A8833622FB798900C209DC /* BridgingHeader.h */,
				D75DB3B122FBFD84008C7499 /* Localizable.strings */,
				D7C1D20B234F6CC800FC9B96 /* InfoPlist.strings */,
				D798F4C12571037D00143373 /* Credits.html */,
			);
			path = bm;
			sourceTree = "<group>";
		};
		D749F941264BF8AD005F500A /* LoansWidget */ = {
			isa = PBXGroup;
			children = (
				D749F942264BF8AD005F500A /* LoansWidget.swift */,
				D749F944264BF8B0005F500A /* Assets.xcassets */,
				D749F946264BF8B0005F500A /* Info.plist */,
				D749F94A264BF8B0005F500A /* LoansWidgetExtension.entitlements */,
			);
			path = LoansWidget;
			sourceTree = "<group>";
		};
		D75DB3BA22FCCBBF008C7499 /* KeyboardLayoutGuide */ = {
			isa = PBXGroup;
			children = (
				D7A8832522F8132B00C209DC /* Keyboard+LayoutGuide.swift */,
			);
			name = KeyboardLayoutGuide;
			sourceTree = "<group>";
		};
		D7697DE823CA0C7300010011 /* Agenda */ = {
			isa = PBXGroup;
			children = (
				D7CE68D123DCEEDB00197F50 /* AgendaViewController.swift */,
				D7CE68D323DCF15000197F50 /* AgendaTableViewCell.swift */,
				D7697DE923CA0C8D00010011 /* AgendaItem.swift */,
				D7697DED23CA0DAF00010011 /* AgendaParser.swift */,
				D7A0A2E323E032F30039D934 /* AgendaItemCache.swift */,
			);
			path = Agenda;
			sourceTree = "<group>";
		};
		D78200A023C7379A00C3A699 /* News */ = {
			isa = PBXGroup;
			children = (
				D78200AA23C7579F00C3A699 /* NewsViewController.swift */,
				D7697DF423CB5E4E00010011 /* NewsTableViewCell.swift */,
				D78200A123C7381A00C3A699 /* NewsItem.swift */,
				D78200A323C7392900C3A699 /* NewsParser.swift */,
				D78200AD23C7D77500C3A699 /* NewsItemCache.swift */,
			);
			path = News;
			sourceTree = "<group>";
		};
		D786E6E222F194EC00AD1D36 /* Tests */ = {
			isa = PBXGroup;
			children = (
				D709845825F1374D00C8C30C /* LoansTests.swift */,
				D78200A723C739A300C3A699 /* NewsTests.swift */,
				D7697DEF23CA0E4600010011 /* AgendaTests.swift */,
				D7910BCA23717A3200A0DC31 /* LibrariesTests.swift */,
				D786E6E522F194EC00AD1D36 /* Info.plist */,
				D73968EA23D1ECCC00F01645 /* DemoAccountLoans.html */,
				D78200A523C7399100C3A699 /* TestNews1.html */,
				D7697DEB23CA0DA100010011 /* TestAgenda1.html */,
				D7A0A2E923E1828D0039D934 /* TestAgenda2.html */,
				D7A0A2E823E1828D0039D934 /* TestAgenda3.html */,
			);
			path = Tests;
			sourceTree = "<group>";
		};
		D794D59C241BAF2400208C05 /* About */ = {
			isa = PBXGroup;
			children = (
				D79ABC0D233DF079007ADE6E /* AboutViewController.swift */,
				D7A8832922FB756700C209DC /* CardViewController.swift */,
			);
			path = About;
			sourceTree = "<group>";
		};
		D794D59D241BAF4300208C05 /* Login */ = {
			isa = PBXGroup;
			children = (
				D7A8832322F5C4BA00C209DC /* LoginViewController.swift */,
				D709846025F2228500C8C30C /* Credentials+KeychainAccess.swift */,
			);
			path = Login;
			sourceTree = "<group>";
		};
		D7A8832B22FB78E200C209DC /* EAN13BarcodeGenerator */ = {
			isa = PBXGroup;
			children = (
				D7A8832C22FB78E200C209DC /* BarCodeView.h */,
				D7A8832E22FB78E200C209DC /* BarCodeView.m */,
				D7A8832F22FB78E200C209DC /* BarCodeEAN13.h */,
				D7A8832D22FB78E200C209DC /* BarCodeEAN13.m */,
			);
			name = EAN13BarcodeGenerator;
			sourceTree = "<group>";
		};
		D7A8833222FB78E900C209DC /* Dependencies */ = {
			isa = PBXGroup;
			children = (
				D75DB3BA22FCCBBF008C7499 /* KeyboardLayoutGuide */,
				D7A8832B22FB78E200C209DC /* EAN13BarcodeGenerator */,
			);
			name = Dependencies;
			sourceTree = "<group>";
		};
		D7B1DE16241991D60084117C /* Frameworks */ = {
			isa = PBXGroup;
			children = (
				D749F93D264BF8AD005F500A /* WidgetKit.framework */,
				D749F93F264BF8AD005F500A /* SwiftUI.framework */,
			);
			name = Frameworks;
			sourceTree = "<group>";
		};
		D7D70F23237489C100779E6C /* Libraries */ = {
			isa = PBXGroup;
			children = (
				D70A2B67234247F300AC9405 /* Libraries.plist */,
				D70A2B6A2342489A00AC9405 /* Library.swift */,
				D70A2B6C23424BC400AC9405 /* LibrariesViewController.swift */,
				D7614BAC2363A6B3000D7C99 /* LibraryViewController.swift */,
			);
			path = Libraries;
			sourceTree = "<group>";
		};
		D7D70F24237489DC00779E6C /* Search */ = {
			isa = PBXGroup;
			children = (
				D77F7EBF234371CA007B49A3 /* SearchViewController.swift */,
				D7A97B6825F65EF800EE1D5F /* SearchResultsViewController.swift */,
				D7A97B6C25F665CE00EE1D5F /* SearchResultsCell.swift */,
				D7E73EFB25FBAB0C00A9BF26 /* SearchResultsDetailsViewController.swift */,
				D7E73FEE2603B1A100A9BF26 /* Document+Formatter.swift */,
			);
			path = Search;
			sourceTree = "<group>";
		};
		D7D70F25237489FE00779E6C /* Loans */ = {
			isa = PBXGroup;
			children = (
				D70212C822F0E43C00E3972E /* LoansViewController.swift */,
				D786E6EF22F1B42C00AD1D36 /* ItemTableViewCell.swift */,
				D786E6D922F1911A00AD1D36 /* Item.swift */,
				D78618AB22F30A4400CB3403 /* ItemCache.swift */,
				D78C46092379AACA00313AD8 /* LoansNotLoggedInView.xib */,
			);
			path = Loans;
			sourceTree = "<group>";
		};
/* End PBXGroup section */

/* Begin PBXNativeTarget section */
		D70212C222F0E43C00E3972E /* BM Grenoble */ = {
			isa = PBXNativeTarget;
			buildConfigurationList = D70212D522F0E43E00E3972E /* Build configuration list for PBXNativeTarget "BM Grenoble" */;
			buildPhases = (
				D70212BF22F0E43C00E3972E /* Sources */,
				D70212C022F0E43C00E3972E /* Frameworks */,
				D70212C122F0E43C00E3972E /* Resources */,
				D749F94E264BF8B0005F500A /* Embed App Extensions */,
			);
			buildRules = (
			);
			dependencies = (
				D794D599241BAE0700208C05 /* PBXTargetDependency */,
				D749F948264BF8B0005F500A /* PBXTargetDependency */,
			);
			name = "BM Grenoble";
			packageProductDependencies = (
				D7697DF223CB5DE100010011 /* AlamofireImage */,
				D794D59A241BAE0D00208C05 /* BMKit */,
				D71F32AA24D8B303002526CD /* KeychainAccess */,
			);
			productName = bm;
			productReference = D70212C322F0E43C00E3972E /* BM Grenoble.app */;
			productType = "com.apple.product-type.application";
		};
		D749F93B264BF8AD005F500A /* LoansWidgetExtension */ = {
			isa = PBXNativeTarget;
			buildConfigurationList = D749F94B264BF8B0005F500A /* Build configuration list for PBXNativeTarget "LoansWidgetExtension" */;
			buildPhases = (
				D749F938264BF8AD005F500A /* Sources */,
				D749F939264BF8AD005F500A /* Frameworks */,
				D749F93A264BF8AD005F500A /* Resources */,
			);
			buildRules = (
			);
			dependencies = (
			);
			name = LoansWidgetExtension;
			packageProductDependencies = (
				D749F951264BFABF005F500A /* AlamofireImage */,
				D749F953264BFAC2005F500A /* KeychainAccess */,
				D749F955264BFACA005F500A /* BMKit */,
			);
			productName = LoansWidgetExtension;
			productReference = D749F93C264BF8AD005F500A /* LoansWidgetExtension.appex */;
			productType = "com.apple.product-type.app-extension";
		};
		D786E6E022F194EC00AD1D36 /* bmTests */ = {
			isa = PBXNativeTarget;
			buildConfigurationList = D786E6E822F194EC00AD1D36 /* Build configuration list for PBXNativeTarget "bmTests" */;
			buildPhases = (
				D786E6DD22F194EC00AD1D36 /* Sources */,
				D786E6DE22F194EC00AD1D36 /* Frameworks */,
				D786E6DF22F194EC00AD1D36 /* Resources */,
			);
			buildRules = (
			);
			dependencies = (
				D786E6E722F194EC00AD1D36 /* PBXTargetDependency */,
			);
			name = bmTests;
			productName = bmTests;
			productReference = D786E6E122F194EC00AD1D36 /* bmTests.xctest */;
			productType = "com.apple.product-type.bundle.unit-test";
		};
/* End PBXNativeTarget section */

/* Begin PBXProject section */
		D70212BB22F0E43C00E3972E /* Project object */ = {
			isa = PBXProject;
			attributes = {
				LastSwiftUpdateCheck = 1250;
				LastUpgradeCheck = 1210;
				ORGANIZATIONNAME = "Studio AMANgA";
				TargetAttributes = {
					D70212C222F0E43C00E3972E = {
						CreatedOnToolsVersion = 10.3;
					};
					D749F93B264BF8AD005F500A = {
						CreatedOnToolsVersion = 12.5;
					};
					D786E6E022F194EC00AD1D36 = {
						CreatedOnToolsVersion = 10.3;
						TestTargetID = D70212C222F0E43C00E3972E;
					};
				};
			};
			buildConfigurationList = D70212BE22F0E43C00E3972E /* Build configuration list for PBXProject "bm" */;
			compatibilityVersion = "Xcode 9.3";
			developmentRegion = en;
			hasScannedForEncodings = 0;
			knownRegions = (
				en,
				Base,
				fr,
			);
			mainGroup = D70212BA22F0E43C00E3972E;
			packageReferences = (
				D7697DF123CB5DE100010011 /* XCRemoteSwiftPackageReference "AlamofireImage" */,
				D71F32A924D8B303002526CD /* XCRemoteSwiftPackageReference "KeychainAccess" */,
			);
			productRefGroup = D70212C422F0E43C00E3972E /* Products */;
			projectDirPath = "";
			projectRoot = "";
			targets = (
				D70212C222F0E43C00E3972E /* BM Grenoble */,
				D749F93B264BF8AD005F500A /* LoansWidgetExtension */,
				D786E6E022F194EC00AD1D36 /* bmTests */,
			);
		};
/* End PBXProject section */

/* Begin PBXResourcesBuildPhase section */
		D70212C122F0E43C00E3972E /* Resources */ = {
			isa = PBXResourcesBuildPhase;
			buildActionMask = 2147483647;
			files = (
				D70212D122F0E43E00E3972E /* LaunchScreen.storyboard in Resources */,
				D7C1D20D234F6CC800FC9B96 /* InfoPlist.strings in Resources */,
				D75DB3B322FBFD84008C7499 /* Localizable.strings in Resources */,
				D70A2B69234247F300AC9405 /* Libraries.plist in Resources */,
				D798F4BF2571037D00143373 /* Credits.html in Resources */,
				D70212CE22F0E43E00E3972E /* Assets.xcassets in Resources */,
				D70212CC22F0E43C00E3972E /* Main.storyboard in Resources */,
				D73968EB23D1ECCC00F01645 /* DemoAccountLoans.html in Resources */,
				D78C460B2379AACA00313AD8 /* LoansNotLoggedInView.xib in Resources */,
			);
			runOnlyForDeploymentPostprocessing = 0;
		};
		D749F93A264BF8AD005F500A /* Resources */ = {
			isa = PBXResourcesBuildPhase;
			buildActionMask = 2147483647;
			files = (
				D749F945264BF8B0005F500A /* Assets.xcassets in Resources */,
			);
			runOnlyForDeploymentPostprocessing = 0;
		};
		D786E6DF22F194EC00AD1D36 /* Resources */ = {
			isa = PBXResourcesBuildPhase;
			buildActionMask = 2147483647;
			files = (
				D7697DEC23CA0DA100010011 /* TestAgenda1.html in Resources */,
				D7A0A2EB23E1828D0039D934 /* TestAgenda2.html in Resources */,
				D7A0A2EA23E1828D0039D934 /* TestAgenda3.html in Resources */,
				D78200A923C73AF700C3A699 /* TestNews1.html in Resources */,
			);
			runOnlyForDeploymentPostprocessing = 0;
		};
/* End PBXResourcesBuildPhase section */

/* Begin PBXSourcesBuildPhase section */
		D70212BF22F0E43C00E3972E /* Sources */ = {
			isa = PBXSourcesBuildPhase;
			buildActionMask = 2147483647;
			files = (
				D709846125F2228500C8C30C /* Credentials+KeychainAccess.swift in Sources */,
				D78200AE23C7D77500C3A699 /* NewsItemCache.swift in Sources */,
				D7A8832422F5C4BA00C209DC /* LoginViewController.swift in Sources */,
				D78200A223C7381A00C3A699 /* NewsItem.swift in Sources */,
				D7A8833122FB78E200C209DC /* BarCodeView.m in Sources */,
				D7CE68D423DCF15000197F50 /* AgendaTableViewCell.swift in Sources */,
				D7A97B6D25F665CE00EE1D5F /* SearchResultsCell.swift in Sources */,
				D7614BAD2363A6B3000D7C99 /* LibraryViewController.swift in Sources */,
				D78200B023C7D94A00C3A699 /* ParserHelpers.swift in Sources */,
				D79ABC0E233DF079007ADE6E /* AboutViewController.swift in Sources */,
				D7697DF523CB5E4E00010011 /* NewsTableViewCell.swift in Sources */,
				D70A2B6D23424BC400AC9405 /* LibrariesViewController.swift in Sources */,
				D78200A423C7392900C3A699 /* NewsParser.swift in Sources */,
				D75DB3BC22FD6369008C7499 /* InterfaceHelpers.swift in Sources */,
				D7CE68D223DCEEDB00197F50 /* AgendaViewController.swift in Sources */,
				D70212C922F0E43C00E3972E /* LoansViewController.swift in Sources */,
				D7697DEA23CA0C8E00010011 /* AgendaItem.swift in Sources */,
				D7E73FEF2603B1A100A9BF26 /* Document+Formatter.swift in Sources */,
				D70212C722F0E43C00E3972E /* AppDelegate.swift in Sources */,
				D7A0A2E423E032F30039D934 /* AgendaItemCache.swift in Sources */,
				D786E6F022F1B42C00AD1D36 /* ItemTableViewCell.swift in Sources */,
				D7A8832622F8132B00C209DC /* Keyboard+LayoutGuide.swift in Sources */,
				D7A97B6925F65EF800EE1D5F /* SearchResultsViewController.swift in Sources */,
				D78200AB23C7579F00C3A699 /* NewsViewController.swift in Sources */,
				D77F7EC0234371CA007B49A3 /* SearchViewController.swift in Sources */,
				D7697DEE23CA0DAF00010011 /* AgendaParser.swift in Sources */,
				D7A8832A22FB756700C209DC /* CardViewController.swift in Sources */,
				D7A8833022FB78E200C209DC /* BarCodeEAN13.m in Sources */,
				D70A2B6B2342489A00AC9405 /* Library.swift in Sources */,
				D78618AC22F30A4400CB3403 /* ItemCache.swift in Sources */,
				D786E6DA22F1911A00AD1D36 /* Item.swift in Sources */,
				D7E73EFC25FBAB0C00A9BF26 /* SearchResultsDetailsViewController.swift in Sources */,
			);
			runOnlyForDeploymentPostprocessing = 0;
		};
		D749F938264BF8AD005F500A /* Sources */ = {
			isa = PBXSourcesBuildPhase;
			buildActionMask = 2147483647;
			files = (
				D749F957264C207E005F500A /* Credentials+KeychainAccess.swift in Sources */,
				D749F950264BF9FF005F500A /* Document+Formatter.swift in Sources */,
				D749F94F264BF999005F500A /* Item.swift in Sources */,
				D749F943264BF8AD005F500A /* LoansWidget.swift in Sources */,
			);
			runOnlyForDeploymentPostprocessing = 0;
		};
		D786E6DD22F194EC00AD1D36 /* Sources */ = {
			isa = PBXSourcesBuildPhase;
			buildActionMask = 2147483647;
			files = (
				D7697DF023CA0E4600010011 /* AgendaTests.swift in Sources */,
				D78200A823C739A300C3A699 /* NewsTests.swift in Sources */,
				D7910BCB23717A3200A0DC31 /* LibrariesTests.swift in Sources */,
				D709845925F1374D00C8C30C /* LoansTests.swift in Sources */,
			);
			runOnlyForDeploymentPostprocessing = 0;
		};
/* End PBXSourcesBuildPhase section */

/* Begin PBXTargetDependency section */
		D749F948264BF8B0005F500A /* PBXTargetDependency */ = {
			isa = PBXTargetDependency;
			target = D749F93B264BF8AD005F500A /* LoansWidgetExtension */;
			targetProxy = D749F947264BF8B0005F500A /* PBXContainerItemProxy */;
		};
		D786E6E722F194EC00AD1D36 /* PBXTargetDependency */ = {
			isa = PBXTargetDependency;
			target = D70212C222F0E43C00E3972E /* BM Grenoble */;
			targetProxy = D786E6E622F194EC00AD1D36 /* PBXContainerItemProxy */;
		};
		D794D599241BAE0700208C05 /* PBXTargetDependency */ = {
			isa = PBXTargetDependency;
			productRef = D794D598241BAE0700208C05 /* BMKit */;
		};
/* End PBXTargetDependency section */

/* Begin PBXVariantGroup section */
		D70212CA22F0E43C00E3972E /* Main.storyboard */ = {
			isa = PBXVariantGroup;
			children = (
				D70212CB22F0E43C00E3972E /* Base */,
				D75DB3B722FBFFF4008C7499 /* en */,
				D75DB3B922FC0001008C7499 /* fr */,
			);
			name = Main.storyboard;
			sourceTree = "<group>";
		};
		D70212CF22F0E43E00E3972E /* LaunchScreen.storyboard */ = {
			isa = PBXVariantGroup;
			children = (
				D70212D022F0E43E00E3972E /* Base */,
				D7757F5322F241FE006E6AAC /* fr */,
			);
			name = LaunchScreen.storyboard;
			sourceTree = "<group>";
		};
		D70A2B67234247F300AC9405 /* Libraries.plist */ = {
			isa = PBXVariantGroup;
			children = (
				D70A2B68234247F300AC9405 /* Base */,
			);
			name = Libraries.plist;
			sourceTree = "<group>";
		};
		D75DB3B122FBFD84008C7499 /* Localizable.strings */ = {
			isa = PBXVariantGroup;
			children = (
				D75DB3B222FBFD84008C7499 /* Base */,
				D75DB3B422FBFDB0008C7499 /* en */,
				D75DB3B522FBFDC4008C7499 /* fr */,
			);
			name = Localizable.strings;
			sourceTree = "<group>";
		};
		D78C46092379AACA00313AD8 /* LoansNotLoggedInView.xib */ = {
			isa = PBXVariantGroup;
			children = (
				D78C460A2379AACA00313AD8 /* Base */,
				D78C460D2379AF0700313AD8 /* en */,
				D78C460F2379AF0A00313AD8 /* fr */,
			);
			name = LoansNotLoggedInView.xib;
			sourceTree = "<group>";
		};
		D798F4C12571037D00143373 /* Credits.html */ = {
			isa = PBXVariantGroup;
			children = (
				D798F4C02571037D00143373 /* Base */,
				D798F4C4257103AA00143373 /* fr */,
			);
			name = Credits.html;
			sourceTree = "<group>";
		};
		D7C1D20B234F6CC800FC9B96 /* InfoPlist.strings */ = {
			isa = PBXVariantGroup;
			children = (
				D7C1D20C234F6CC800FC9B96 /* en */,
				D7C1D20E234F6CDA00FC9B96 /* fr */,
			);
			name = InfoPlist.strings;
			sourceTree = "<group>";
		};
/* End PBXVariantGroup section */

/* Begin XCBuildConfiguration section */
		D70212D322F0E43E00E3972E /* Debug */ = {
			isa = XCBuildConfiguration;
			buildSettings = {
				ALWAYS_SEARCH_USER_PATHS = NO;
				CLANG_ANALYZER_LOCALIZABILITY_NONLOCALIZED = YES;
				CLANG_ANALYZER_NONNULL = YES;
				CLANG_ANALYZER_NUMBER_OBJECT_CONVERSION = YES_AGGRESSIVE;
				CLANG_CXX_LANGUAGE_STANDARD = "gnu++14";
				CLANG_CXX_LIBRARY = "libc++";
				CLANG_ENABLE_MODULES = YES;
				CLANG_ENABLE_OBJC_ARC = YES;
				CLANG_ENABLE_OBJC_WEAK = YES;
				CLANG_WARN_BLOCK_CAPTURE_AUTORELEASING = YES;
				CLANG_WARN_BOOL_CONVERSION = YES;
				CLANG_WARN_COMMA = YES;
				CLANG_WARN_CONSTANT_CONVERSION = YES;
				CLANG_WARN_DEPRECATED_OBJC_IMPLEMENTATIONS = YES;
				CLANG_WARN_DIRECT_OBJC_ISA_USAGE = YES_ERROR;
				CLANG_WARN_DOCUMENTATION_COMMENTS = YES;
				CLANG_WARN_EMPTY_BODY = YES;
				CLANG_WARN_ENUM_CONVERSION = YES;
				CLANG_WARN_INFINITE_RECURSION = YES;
				CLANG_WARN_INT_CONVERSION = YES;
				CLANG_WARN_NON_LITERAL_NULL_CONVERSION = YES;
				CLANG_WARN_OBJC_IMPLICIT_RETAIN_SELF = YES;
				CLANG_WARN_OBJC_LITERAL_CONVERSION = YES;
				CLANG_WARN_OBJC_ROOT_CLASS = YES_ERROR;
				CLANG_WARN_QUOTED_INCLUDE_IN_FRAMEWORK_HEADER = YES;
				CLANG_WARN_RANGE_LOOP_ANALYSIS = YES;
				CLANG_WARN_STRICT_PROTOTYPES = YES;
				CLANG_WARN_SUSPICIOUS_MOVE = YES;
				CLANG_WARN_UNGUARDED_AVAILABILITY = YES_AGGRESSIVE;
				CLANG_WARN_UNREACHABLE_CODE = YES;
				CLANG_WARN__DUPLICATE_METHOD_MATCH = YES;
				CODE_SIGN_IDENTITY = "iPhone Developer";
				COPY_PHASE_STRIP = NO;
				DEBUG_INFORMATION_FORMAT = dwarf;
				ENABLE_STRICT_OBJC_MSGSEND = YES;
				ENABLE_TESTABILITY = YES;
				GCC_C_LANGUAGE_STANDARD = gnu11;
				GCC_DYNAMIC_NO_PIC = NO;
				GCC_NO_COMMON_BLOCKS = YES;
				GCC_OPTIMIZATION_LEVEL = 0;
				GCC_PREPROCESSOR_DEFINITIONS = (
					"DEBUG=1",
					"$(inherited)",
				);
				GCC_WARN_64_TO_32_BIT_CONVERSION = YES;
				GCC_WARN_ABOUT_RETURN_TYPE = YES_ERROR;
				GCC_WARN_UNDECLARED_SELECTOR = YES;
				GCC_WARN_UNINITIALIZED_AUTOS = YES_AGGRESSIVE;
				GCC_WARN_UNUSED_FUNCTION = YES;
				GCC_WARN_UNUSED_VARIABLE = YES;
				IPHONEOS_DEPLOYMENT_TARGET = 12.0;
				MTL_ENABLE_DEBUG_INFO = INCLUDE_SOURCE;
				MTL_FAST_MATH = YES;
				ONLY_ACTIVE_ARCH = YES;
				SDKROOT = iphoneos;
				SWIFT_ACTIVE_COMPILATION_CONDITIONS = DEBUG;
				SWIFT_OPTIMIZATION_LEVEL = "-Onone";
			};
			name = Debug;
		};
		D70212D422F0E43E00E3972E /* Release */ = {
			isa = XCBuildConfiguration;
			buildSettings = {
				ALWAYS_SEARCH_USER_PATHS = NO;
				CLANG_ANALYZER_LOCALIZABILITY_NONLOCALIZED = YES;
				CLANG_ANALYZER_NONNULL = YES;
				CLANG_ANALYZER_NUMBER_OBJECT_CONVERSION = YES_AGGRESSIVE;
				CLANG_CXX_LANGUAGE_STANDARD = "gnu++14";
				CLANG_CXX_LIBRARY = "libc++";
				CLANG_ENABLE_MODULES = YES;
				CLANG_ENABLE_OBJC_ARC = YES;
				CLANG_ENABLE_OBJC_WEAK = YES;
				CLANG_WARN_BLOCK_CAPTURE_AUTORELEASING = YES;
				CLANG_WARN_BOOL_CONVERSION = YES;
				CLANG_WARN_COMMA = YES;
				CLANG_WARN_CONSTANT_CONVERSION = YES;
				CLANG_WARN_DEPRECATED_OBJC_IMPLEMENTATIONS = YES;
				CLANG_WARN_DIRECT_OBJC_ISA_USAGE = YES_ERROR;
				CLANG_WARN_DOCUMENTATION_COMMENTS = YES;
				CLANG_WARN_EMPTY_BODY = YES;
				CLANG_WARN_ENUM_CONVERSION = YES;
				CLANG_WARN_INFINITE_RECURSION = YES;
				CLANG_WARN_INT_CONVERSION = YES;
				CLANG_WARN_NON_LITERAL_NULL_CONVERSION = YES;
				CLANG_WARN_OBJC_IMPLICIT_RETAIN_SELF = YES;
				CLANG_WARN_OBJC_LITERAL_CONVERSION = YES;
				CLANG_WARN_OBJC_ROOT_CLASS = YES_ERROR;
				CLANG_WARN_QUOTED_INCLUDE_IN_FRAMEWORK_HEADER = YES;
				CLANG_WARN_RANGE_LOOP_ANALYSIS = YES;
				CLANG_WARN_STRICT_PROTOTYPES = YES;
				CLANG_WARN_SUSPICIOUS_MOVE = YES;
				CLANG_WARN_UNGUARDED_AVAILABILITY = YES_AGGRESSIVE;
				CLANG_WARN_UNREACHABLE_CODE = YES;
				CLANG_WARN__DUPLICATE_METHOD_MATCH = YES;
				CODE_SIGN_IDENTITY = "iPhone Developer";
				COPY_PHASE_STRIP = NO;
				DEBUG_INFORMATION_FORMAT = "dwarf-with-dsym";
				ENABLE_NS_ASSERTIONS = NO;
				ENABLE_STRICT_OBJC_MSGSEND = YES;
				GCC_C_LANGUAGE_STANDARD = gnu11;
				GCC_NO_COMMON_BLOCKS = YES;
				GCC_WARN_64_TO_32_BIT_CONVERSION = YES;
				GCC_WARN_ABOUT_RETURN_TYPE = YES_ERROR;
				GCC_WARN_UNDECLARED_SELECTOR = YES;
				GCC_WARN_UNINITIALIZED_AUTOS = YES_AGGRESSIVE;
				GCC_WARN_UNUSED_FUNCTION = YES;
				GCC_WARN_UNUSED_VARIABLE = YES;
				IPHONEOS_DEPLOYMENT_TARGET = 12.0;
				MTL_ENABLE_DEBUG_INFO = NO;
				MTL_FAST_MATH = YES;
				SDKROOT = iphoneos;
				SWIFT_COMPILATION_MODE = wholemodule;
				SWIFT_OPTIMIZATION_LEVEL = "-O";
				VALIDATE_PRODUCT = YES;
			};
			name = Release;
		};
		D70212D622F0E43E00E3972E /* Debug */ = {
			isa = XCBuildConfiguration;
			buildSettings = {
				ALWAYS_EMBED_SWIFT_STANDARD_LIBRARIES = YES;
				ASSETCATALOG_COMPILER_APPICON_NAME = AppIcon;
				CODE_SIGN_ENTITLEMENTS = bm/bm.entitlements;
				CODE_SIGN_STYLE = Automatic;
				CURRENT_PROJECT_VERSION = 71;
				DEVELOPMENT_TEAM = 77S3V3W24J;
				INFOPLIST_FILE = bm/Info.plist;
				LD_RUNPATH_SEARCH_PATHS = (
					"$(inherited)",
					"@executable_path/Frameworks",
				);
				MARKETING_VERSION = 1.6.2;
				PRODUCT_BUNDLE_IDENTIFIER = com.studioamanga.bmg;
				PRODUCT_MODULE_NAME = bm;
				PRODUCT_NAME = "$(TARGET_NAME)";
				SUPPORTS_MACCATALYST = YES;
				SWIFT_OBJC_BRIDGING_HEADER = bm/BridgingHeader.h;
				SWIFT_VERSION = 5.0;
				TARGETED_DEVICE_FAMILY = "1,2";
			};
			name = Debug;
		};
		D70212D722F0E43E00E3972E /* Release */ = {
			isa = XCBuildConfiguration;
			buildSettings = {
				ALWAYS_EMBED_SWIFT_STANDARD_LIBRARIES = YES;
				ASSETCATALOG_COMPILER_APPICON_NAME = AppIcon;
				CODE_SIGN_ENTITLEMENTS = bm/bm.entitlements;
				CODE_SIGN_STYLE = Automatic;
				CURRENT_PROJECT_VERSION = 71;
				DEVELOPMENT_TEAM = 77S3V3W24J;
				INFOPLIST_FILE = bm/Info.plist;
				LD_RUNPATH_SEARCH_PATHS = (
					"$(inherited)",
					"@executable_path/Frameworks",
				);
				MARKETING_VERSION = 1.6.2;
				PRODUCT_BUNDLE_IDENTIFIER = com.studioamanga.bmg;
				PRODUCT_MODULE_NAME = bm;
				PRODUCT_NAME = "$(TARGET_NAME)";
				SUPPORTS_MACCATALYST = YES;
				SWIFT_OBJC_BRIDGING_HEADER = bm/BridgingHeader.h;
				SWIFT_VERSION = 5.0;
				TARGETED_DEVICE_FAMILY = "1,2";
			};
			name = Release;
		};
		D749F94C264BF8B0005F500A /* Debug */ = {
			isa = XCBuildConfiguration;
			buildSettings = {
				ASSETCATALOG_COMPILER_GLOBAL_ACCENT_COLOR_NAME = AccentColor;
				ASSETCATALOG_COMPILER_WIDGET_BACKGROUND_COLOR_NAME = WidgetBackground;
				CODE_SIGN_ENTITLEMENTS = LoansWidgetExtension.entitlements;
				CODE_SIGN_STYLE = Automatic;
				CURRENT_PROJECT_VERSION = 71;
				DEVELOPMENT_TEAM = 77S3V3W24J;
				INFOPLIST_FILE = LoansWidget/Info.plist;
				IPHONEOS_DEPLOYMENT_TARGET = 14.5;
				LD_RUNPATH_SEARCH_PATHS = (
					"$(inherited)",
					"@executable_path/Frameworks",
					"@executable_path/../../Frameworks",
				);
				MARKETING_VERSION = 1.6.2;
				PRODUCT_BUNDLE_IDENTIFIER = com.studioamanga.bmg.LoansWidget;
				PRODUCT_NAME = "$(TARGET_NAME)";
				SKIP_INSTALL = YES;
				SUPPORTS_MACCATALYST = YES;
				SWIFT_VERSION = 5.0;
				TARGETED_DEVICE_FAMILY = "1,2";
			};
			name = Debug;
		};
		D749F94D264BF8B0005F500A /* Release */ = {
			isa = XCBuildConfiguration;
			buildSettings = {
				ASSETCATALOG_COMPILER_GLOBAL_ACCENT_COLOR_NAME = AccentColor;
				ASSETCATALOG_COMPILER_WIDGET_BACKGROUND_COLOR_NAME = WidgetBackground;
				CODE_SIGN_ENTITLEMENTS = LoansWidgetExtension.entitlements;
				CODE_SIGN_STYLE = Automatic;
				CURRENT_PROJECT_VERSION = 71;
				DEVELOPMENT_TEAM = 77S3V3W24J;
				INFOPLIST_FILE = LoansWidget/Info.plist;
				IPHONEOS_DEPLOYMENT_TARGET = 14.5;
				LD_RUNPATH_SEARCH_PATHS = (
					"$(inherited)",
					"@executable_path/Frameworks",
					"@executable_path/../../Frameworks",
				);
				MARKETING_VERSION = 1.6.2;
				PRODUCT_BUNDLE_IDENTIFIER = com.studioamanga.bmg.LoansWidget;
				PRODUCT_NAME = "$(TARGET_NAME)";
				SKIP_INSTALL = YES;
				SUPPORTS_MACCATALYST = YES;
				SWIFT_VERSION = 5.0;
				TARGETED_DEVICE_FAMILY = "1,2";
			};
			name = Release;
		};
		D786E6E922F194EC00AD1D36 /* Debug */ = {
			isa = XCBuildConfiguration;
			buildSettings = {
				BUNDLE_LOADER = "$(TEST_HOST)";
				CODE_SIGN_STYLE = Automatic;
				DEVELOPMENT_TEAM = 77S3V3W24J;
				INFOPLIST_FILE = Tests/Info.plist;
				LD_RUNPATH_SEARCH_PATHS = (
					"$(inherited)",
					"@executable_path/Frameworks",
					"@loader_path/Frameworks",
				);
				PRODUCT_BUNDLE_IDENTIFIER = com.studioamanga.bmTests;
				PRODUCT_NAME = "$(TARGET_NAME)";
				SWIFT_VERSION = 5.0;
				TARGETED_DEVICE_FAMILY = "1,2";
				TEST_HOST = "$(BUILT_PRODUCTS_DIR)/BM Grenoble.app/BM Grenoble";
			};
			name = Debug;
		};
		D786E6EA22F194EC00AD1D36 /* Release */ = {
			isa = XCBuildConfiguration;
			buildSettings = {
				BUNDLE_LOADER = "$(TEST_HOST)";
				CODE_SIGN_STYLE = Automatic;
				DEVELOPMENT_TEAM = 77S3V3W24J;
				INFOPLIST_FILE = Tests/Info.plist;
				LD_RUNPATH_SEARCH_PATHS = (
					"$(inherited)",
					"@executable_path/Frameworks",
					"@loader_path/Frameworks",
				);
				PRODUCT_BUNDLE_IDENTIFIER = com.studioamanga.bmTests;
				PRODUCT_NAME = "$(TARGET_NAME)";
				SWIFT_VERSION = 5.0;
				TARGETED_DEVICE_FAMILY = "1,2";
				TEST_HOST = "$(BUILT_PRODUCTS_DIR)/BM Grenoble.app/BM Grenoble";
			};
			name = Release;
		};
/* End XCBuildConfiguration section */

/* Begin XCConfigurationList section */
		D70212BE22F0E43C00E3972E /* Build configuration list for PBXProject "bm" */ = {
			isa = XCConfigurationList;
			buildConfigurations = (
				D70212D322F0E43E00E3972E /* Debug */,
				D70212D422F0E43E00E3972E /* Release */,
			);
			defaultConfigurationIsVisible = 0;
			defaultConfigurationName = Release;
		};
		D70212D522F0E43E00E3972E /* Build configuration list for PBXNativeTarget "BM Grenoble" */ = {
			isa = XCConfigurationList;
			buildConfigurations = (
				D70212D622F0E43E00E3972E /* Debug */,
				D70212D722F0E43E00E3972E /* Release */,
			);
			defaultConfigurationIsVisible = 0;
			defaultConfigurationName = Release;
		};
		D749F94B264BF8B0005F500A /* Build configuration list for PBXNativeTarget "LoansWidgetExtension" */ = {
			isa = XCConfigurationList;
			buildConfigurations = (
				D749F94C264BF8B0005F500A /* Debug */,
				D749F94D264BF8B0005F500A /* Release */,
			);
			defaultConfigurationIsVisible = 0;
			defaultConfigurationName = Release;
		};
		D786E6E822F194EC00AD1D36 /* Build configuration list for PBXNativeTarget "bmTests" */ = {
			isa = XCConfigurationList;
			buildConfigurations = (
				D786E6E922F194EC00AD1D36 /* Debug */,
				D786E6EA22F194EC00AD1D36 /* Release */,
			);
			defaultConfigurationIsVisible = 0;
			defaultConfigurationName = Release;
		};
/* End XCConfigurationList section */

/* Begin XCRemoteSwiftPackageReference section */
		D71F32A924D8B303002526CD /* XCRemoteSwiftPackageReference "KeychainAccess" */ = {
			isa = XCRemoteSwiftPackageReference;
			repositoryURL = "https://github.com/kishikawakatsumi/KeychainAccess.git";
			requirement = {
				kind = upToNextMajorVersion;
				minimumVersion = 4.2.0;
			};
		};
		D7697DF123CB5DE100010011 /* XCRemoteSwiftPackageReference "AlamofireImage" */ = {
			isa = XCRemoteSwiftPackageReference;
			repositoryURL = "https://github.com/Alamofire/AlamofireImage.git";
			requirement = {
				kind = upToNextMajorVersion;
				minimumVersion = 4.0.0;
			};
		};
/* End XCRemoteSwiftPackageReference section */

/* Begin XCSwiftPackageProductDependency section */
		D71F32AA24D8B303002526CD /* KeychainAccess */ = {
			isa = XCSwiftPackageProductDependency;
			package = D71F32A924D8B303002526CD /* XCRemoteSwiftPackageReference "KeychainAccess" */;
			productName = KeychainAccess;
		};
		D749F951264BFABF005F500A /* AlamofireImage */ = {
			isa = XCSwiftPackageProductDependency;
			package = D7697DF123CB5DE100010011 /* XCRemoteSwiftPackageReference "AlamofireImage" */;
			productName = AlamofireImage;
		};
		D749F953264BFAC2005F500A /* KeychainAccess */ = {
			isa = XCSwiftPackageProductDependency;
			package = D71F32A924D8B303002526CD /* XCRemoteSwiftPackageReference "KeychainAccess" */;
			productName = KeychainAccess;
		};
		D749F955264BFACA005F500A /* BMKit */ = {
			isa = XCSwiftPackageProductDependency;
			productName = BMKit;
		};
		D7697DF223CB5DE100010011 /* AlamofireImage */ = {
			isa = XCSwiftPackageProductDependency;
			package = D7697DF123CB5DE100010011 /* XCRemoteSwiftPackageReference "AlamofireImage" */;
			productName = AlamofireImage;
		};
		D794D598241BAE0700208C05 /* BMKit */ = {
			isa = XCSwiftPackageProductDependency;
			productName = BMKit;
		};
		D794D59A241BAE0D00208C05 /* BMKit */ = {
			isa = XCSwiftPackageProductDependency;
			productName = BMKit;
		};
/* End XCSwiftPackageProductDependency section */
	};
	rootObject = D70212BB22F0E43C00E3972E /* Project object */;
}
